
Microsoft Visual Studio Solution File, Format Version 12.00
# Visual Studio Version 16
VisualStudioVersion = 16.0.30717.126
MinimumVisualStudioVersion = 10.0.40219.1
Project("{9A19103F-16F7-4668-BE54-9A1E7A4F7556}") = "InventoryManagementSystemAPI", "InventoryManagementSystemAPI\InventoryManagementSystemAPI.csproj", "{212D1758-FEE9-4C7F-8FE1-59C61B0C92FD}"
EndProject
Project("{9A19103F-16F7-4668-BE54-9A1E7A4F7556}") = "InventoryManagementSystemAPI.Data", "InventoryManagementSystemAPI.Data\InventoryManagementSystemAPI.Data.csproj", "{B8477FE3-4B79-4933-BB79-4E331497B21F}"
EndProject
Global
	GlobalSection(SolutionConfigurationPlatforms) = preSolution
		Debug|Any CPU = Debug|Any CPU
		Release|Any CPU = Release|Any CPU
	EndGlobalSection
	GlobalSection(ProjectConfigurationPlatforms) = postSolution
		{212D1758-FEE9-4C7F-8FE1-59C61B0C92FD}.Debug|Any CPU.ActiveCfg = Debug|Any CPU
		{212D1758-FEE9-4C7F-8FE1-59C61B0C92FD}.Debug|Any CPU.Build.0 = Debug|Any CPU
		{212D1758-FEE9-4C7F-8FE1-59C61B0C92FD}.Release|Any CPU.ActiveCfg = Release|Any CPU
		{212D1758-FEE9-4C7F-8FE1-59C61B0C92FD}.Release|Any CPU.Build.0 = Release|Any CPU
		{B8477FE3-4B79-4933-BB79-4E331497B21F}.Debug|Any CPU.ActiveCfg = Debug|Any CPU
		{B8477FE3-4B79-4933-BB79-4E331497B21F}.Debug|Any CPU.Build.0 = Debug|Any CPU
		{B8477FE3-4B79-4933-BB79-4E331497B21F}.Release|Any CPU.ActiveCfg = Release|Any CPU
		{B8477FE3-4B79-4933-BB79-4E331497B21F}.Release|Any CPU.Build.0 = Release|Any CPU
	EndGlobalSection
	GlobalSection(SolutionProperties) = preSolution
		HideSolutionNode = FALSE
	EndGlobalSection
	GlobalSection(ExtensibilityGlobals) = postSolution
		SolutionGuid = {EBE6CA26-37A5-412F-8AD4-0C92746F0866}
	EndGlobalSection
EndGlobal
